
Microsoft Visual Studio Solution File, Format Version 12.00
# Visual Studio 15
VisualStudioVersion = 15.0.27428.2002
MinimumVisualStudioVersion = 10.0.40219.1
Project("{FAE04EC0-301F-11D3-BF4B-00C04F79EFBC}") = "Airline", "Airline\Airline.csproj", "{C5156CE8-0906-42FE-A092-5F4D31A589B7}"
EndProject
Global
	GlobalSection(SolutionConfigurationPlatforms) = preSolution
		Debug|Any CPU = Debug|Any CPU
		Release|Any CPU = Release|Any CPU
	EndGlobalSection
	GlobalSection(ProjectConfigurationPlatforms) = postSolution
		{C5156CE8-0906-42FE-A092-5F4D31A589B7}.Debug|Any CPU.ActiveCfg = Debug|Any CPU
		{C5156CE8-0906-42FE-A092-5F4D31A589B7}.Debug|Any CPU.Build.0 = Debug|Any CPU
		{C5156CE8-0906-42FE-A092-5F4D31A589B7}.Release|Any CPU.ActiveCfg = Release|Any CPU
		{C5156CE8-0906-42FE-A092-5F4D31A589B7}.Release|Any CPU.Build.0 = Release|Any CPU
	EndGlobalSection
	GlobalSection(SolutionProperties) = preSolution
		HideSolutionNode = FALSE
	EndGlobalSection
	GlobalSection(ExtensibilityGlobals) = postSolution
		SolutionGuid = {7FD8C2CC-A99B-4234-BD11-69DC6F5AACD0}
	EndGlobalSection
EndGlobal
